// !$*UTF8*$!
{
	archiveVersion = 1;
	classes = {
	};
	objectVersion = 56;
	objects = {

/* Begin PBXBuildFile section */
		979244F12C9549E700606160 /* NewsReaderApp.swift in Sources */ = {isa = PBXBuildFile; fileRef = 979244F02C9549E700606160 /* NewsReaderApp.swift */; };
		979244F32C9549E700606160 /* ContentView.swift in Sources */ = {isa = PBXBuildFile; fileRef = 979244F22C9549E700606160 /* ContentView.swift */; };
		979244F52C9549E800606160 /* Assets.xcassets in Resources */ = {isa = PBXBuildFile; fileRef = 979244F42C9549E800606160 /* Assets.xcassets */; };
		979244F82C9549E800606160 /* Preview Assets.xcassets in Resources */ = {isa = PBXBuildFile; fileRef = 979244F72C9549E800606160 /* Preview Assets.xcassets */; };
		979245022C9549E900606160 /* NewsReaderTests.swift in Sources */ = {isa = PBXBuildFile; fileRef = 979245012C9549E900606160 /* NewsReaderTests.swift */; };
		9792450C2C9549E900606160 /* NewsReaderUITests.swift in Sources */ = {isa = PBXBuildFile; fileRef = 9792450B2C9549E900606160 /* NewsReaderUITests.swift */; };
		9792450E2C9549E900606160 /* NewsReaderUITestsLaunchTests.swift in Sources */ = {isa = PBXBuildFile; fileRef = 9792450D2C9549E900606160 /* NewsReaderUITestsLaunchTests.swift */; };
		9792451C2C9552AE00606160 /* NewsView.swift in Sources */ = {isa = PBXBuildFile; fileRef = 9792451B2C9552AE00606160 /* NewsView.swift */; };
		9792451E2C9552BB00606160 /* BookmarkView.swift in Sources */ = {isa = PBXBuildFile; fileRef = 9792451D2C9552BB00606160 /* BookmarkView.swift */; };
		979245212C9554CB00606160 /* APIService.swift in Sources */ = {isa = PBXBuildFile; fileRef = 979245202C9554CB00606160 /* APIService.swift */; };
		979245242C9556C000606160 /* EndPoint.swift in Sources */ = {isa = PBXBuildFile; fileRef = 979245232C9556C000606160 /* EndPoint.swift */; };
		979245272C9560A200606160 /* Article.swift in Sources */ = {isa = PBXBuildFile; fileRef = 979245262C9560A200606160 /* Article.swift */; };
		979245292C95616600606160 /* Response.swift in Sources */ = {isa = PBXBuildFile; fileRef = 979245282C95616600606160 /* Response.swift */; };
		9792452D2C95712D00606160 /* EndPointTests.swift in Sources */ = {isa = PBXBuildFile; fileRef = 9792452C2C95712D00606160 /* EndPointTests.swift */; };
		9792452F2C95759D00606160 /* APIServiceTests.swift in Sources */ = {isa = PBXBuildFile; fileRef = 9792452E2C95759D00606160 /* APIServiceTests.swift */; };
		979245312C9575CD00606160 /* JSONFileLoader.swift in Sources */ = {isa = PBXBuildFile; fileRef = 979245302C9575CD00606160 /* JSONFileLoader.swift */; };
		979245332C95764A00606160 /* NewsResponse.json in Resources */ = {isa = PBXBuildFile; fileRef = 979245322C95764A00606160 /* NewsResponse.json */; };
		979245352C95775200606160 /* NewsFailureResponse.json in Resources */ = {isa = PBXBuildFile; fileRef = 979245342C95775200606160 /* NewsFailureResponse.json */; };
		979245372C95780C00606160 /* ArticleResponseTests.swift in Sources */ = {isa = PBXBuildFile; fileRef = 979245362C95780C00606160 /* ArticleResponseTests.swift */; };
		97A790862C9695B400C5E3F8 /* CategoryModel.swift in Sources */ = {isa = PBXBuildFile; fileRef = 97A790852C9695B400C5E3F8 /* CategoryModel.swift */; };
		97A7908A2C96A94B00C5E3F8 /* NewsReader.xcdatamodeld in Sources */ = {isa = PBXBuildFile; fileRef = 97A790882C96A94B00C5E3F8 /* NewsReader.xcdatamodeld */; };
		97A7908E2C96AA6D00C5E3F8 /* CDArticle+CoreDataClass.swift in Sources */ = {isa = PBXBuildFile; fileRef = 97A7908C2C96AA6D00C5E3F8 /* CDArticle+CoreDataClass.swift */; };
		97A7908F2C96AA6D00C5E3F8 /* CDArticle+CoreDataProperties.swift in Sources */ = {isa = PBXBuildFile; fileRef = 97A7908D2C96AA6D00C5E3F8 /* CDArticle+CoreDataProperties.swift */; };
		97A790912C96AAB400C5E3F8 /* CoreDataStack.swift in Sources */ = {isa = PBXBuildFile; fileRef = 97A790902C96AAB400C5E3F8 /* CoreDataStack.swift */; };
		97A790942C96B1B700C5E3F8 /* NewsArticleListItemViewModel.swift in Sources */ = {isa = PBXBuildFile; fileRef = 97A790932C96B1B700C5E3F8 /* NewsArticleListItemViewModel.swift */; };
		97A790972C96B4A700C5E3F8 /* BookmarkViewModel.swift in Sources */ = {isa = PBXBuildFile; fileRef = 97A790962C96B4A700C5E3F8 /* BookmarkViewModel.swift */; };
		97D25E622C95D41200BE4DC5 /* CacheAsyncImage.swift in Sources */ = {isa = PBXBuildFile; fileRef = 97D25E612C95D41200BE4DC5 /* CacheAsyncImage.swift */; };
		97D25E642C95D48800BE4DC5 /* CacheAsyncImageTests.swift in Sources */ = {isa = PBXBuildFile; fileRef = 97D25E632C95D48800BE4DC5 /* CacheAsyncImageTests.swift */; };
		97D25E662C95D51C00BE4DC5 /* NewsArticleListItemView.swift in Sources */ = {isa = PBXBuildFile; fileRef = 97D25E652C95D51C00BE4DC5 /* NewsArticleListItemView.swift */; };
		97D25E682C95D71200BE4DC5 /* NewsCacheAsyncImage.swift in Sources */ = {isa = PBXBuildFile; fileRef = 97D25E672C95D71200BE4DC5 /* NewsCacheAsyncImage.swift */; };
		97D25E6A2C95DBF600BE4DC5 /* NewsArticleDetailView.swift in Sources */ = {isa = PBXBuildFile; fileRef = 97D25E692C95DBF600BE4DC5 /* NewsArticleDetailView.swift */; };
		97D25E6D2C95DC5900BE4DC5 /* NewsViewModel.swift in Sources */ = {isa = PBXBuildFile; fileRef = 97D25E6C2C95DC5900BE4DC5 /* NewsViewModel.swift */; };
/* End PBXBuildFile section */

/* Begin PBXContainerItemProxy section */
		979244FE2C9549E900606160 /* PBXContainerItemProxy */ = {
			isa = PBXContainerItemProxy;
			containerPortal = 979244E52C9549E700606160 /* Project object */;
			proxyType = 1;
			remoteGlobalIDString = 979244EC2C9549E700606160;
			remoteInfo = NewsReader;
		};
		979245082C9549E900606160 /* PBXContainerItemProxy */ = {
			isa = PBXContainerItemProxy;
			containerPortal = 979244E52C9549E700606160 /* Project object */;
			proxyType = 1;
			remoteGlobalIDString = 979244EC2C9549E700606160;
			remoteInfo = NewsReader;
		};
/* End PBXContainerItemProxy section */

/* Begin PBXFileReference section */
		979244ED2C9549E700606160 /* NewsReader.app */ = {isa = PBXFileReference; explicitFileType = wrapper.application; includeInIndex = 0; path = NewsReader.app; sourceTree = BUILT_PRODUCTS_DIR; };
		979244F02C9549E700606160 /* NewsReaderApp.swift */ = {isa = PBXFileReference; lastKnownFileType = sourcecode.swift; path = NewsReaderApp.swift; sourceTree = "<group>"; };
		979244F22C9549E700606160 /* ContentView.swift */ = {isa = PBXFileReference; lastKnownFileType = sourcecode.swift; path = ContentView.swift; sourceTree = "<group>"; };
		979244F42C9549E800606160 /* Assets.xcassets */ = {isa = PBXFileReference; lastKnownFileType = folder.assetcatalog; path = Assets.xcassets; sourceTree = "<group>"; };
		979244F72C9549E800606160 /* Preview Assets.xcassets */ = {isa = PBXFileReference; lastKnownFileType = folder.assetcatalog; path = "Preview Assets.xcassets"; sourceTree = "<group>"; };
		979244FD2C9549E900606160 /* NewsReaderTests.xctest */ = {isa = PBXFileReference; explicitFileType = wrapper.cfbundle; includeInIndex = 0; path = NewsReaderTests.xctest; sourceTree = BUILT_PRODUCTS_DIR; };
		979245012C9549E900606160 /* NewsReaderTests.swift */ = {isa = PBXFileReference; lastKnownFileType = sourcecode.swift; path = NewsReaderTests.swift; sourceTree = "<group>"; };
		979245072C9549E900606160 /* NewsReaderUITests.xctest */ = {isa = PBXFileReference; explicitFileType = wrapper.cfbundle; includeInIndex = 0; path = NewsReaderUITests.xctest; sourceTree = BUILT_PRODUCTS_DIR; };
		9792450B2C9549E900606160 /* NewsReaderUITests.swift */ = {isa = PBXFileReference; lastKnownFileType = sourcecode.swift; path = NewsReaderUITests.swift; sourceTree = "<group>"; };
		9792450D2C9549E900606160 /* NewsReaderUITestsLaunchTests.swift */ = {isa = PBXFileReference; lastKnownFileType = sourcecode.swift; path = NewsReaderUITestsLaunchTests.swift; sourceTree = "<group>"; };
		9792451B2C9552AE00606160 /* NewsView.swift */ = {isa = PBXFileReference; lastKnownFileType = sourcecode.swift; path = NewsView.swift; sourceTree = "<group>"; };
		9792451D2C9552BB00606160 /* BookmarkView.swift */ = {isa = PBXFileReference; lastKnownFileType = sourcecode.swift; path = BookmarkView.swift; sourceTree = "<group>"; };
		979245202C9554CB00606160 /* APIService.swift */ = {isa = PBXFileReference; lastKnownFileType = sourcecode.swift; path = APIService.swift; sourceTree = "<group>"; };
		979245232C9556C000606160 /* EndPoint.swift */ = {isa = PBXFileReference; lastKnownFileType = sourcecode.swift; path = EndPoint.swift; sourceTree = "<group>"; };
		979245262C9560A200606160 /* Article.swift */ = {isa = PBXFileReference; lastKnownFileType = sourcecode.swift; path = Article.swift; sourceTree = "<group>"; };
		979245282C95616600606160 /* Response.swift */ = {isa = PBXFileReference; lastKnownFileType = sourcecode.swift; path = Response.swift; sourceTree = "<group>"; };
		9792452C2C95712D00606160 /* EndPointTests.swift */ = {isa = PBXFileReference; lastKnownFileType = sourcecode.swift; path = EndPointTests.swift; sourceTree = "<group>"; };
		9792452E2C95759D00606160 /* APIServiceTests.swift */ = {isa = PBXFileReference; lastKnownFileType = sourcecode.swift; path = APIServiceTests.swift; sourceTree = "<group>"; };
		979245302C9575CD00606160 /* JSONFileLoader.swift */ = {isa = PBXFileReference; lastKnownFileType = sourcecode.swift; path = JSONFileLoader.swift; sourceTree = "<group>"; };
		979245322C95764A00606160 /* NewsResponse.json */ = {isa = PBXFileReference; lastKnownFileType = text.json; path = NewsResponse.json; sourceTree = "<group>"; };
		979245342C95775200606160 /* NewsFailureResponse.json */ = {isa = PBXFileReference; lastKnownFileType = text.json; path = NewsFailureResponse.json; sourceTree = "<group>"; };
		979245362C95780C00606160 /* ArticleResponseTests.swift */ = {isa = PBXFileReference; lastKnownFileType = sourcecode.swift; path = ArticleResponseTests.swift; sourceTree = "<group>"; };
		97A790852C9695B400C5E3F8 /* CategoryModel.swift */ = {isa = PBXFileReference; lastKnownFileType = sourcecode.swift; path = CategoryModel.swift; sourceTree = "<group>"; };
		97A790892C96A94B00C5E3F8 /* NewsReader.xcdatamodel */ = {isa = PBXFileReference; lastKnownFileType = wrapper.xcdatamodel; path = NewsReader.xcdatamodel; sourceTree = "<group>"; };
		97A7908C2C96AA6D00C5E3F8 /* CDArticle+CoreDataClass.swift */ = {isa = PBXFileReference; lastKnownFileType = sourcecode.swift; path = "CDArticle+CoreDataClass.swift"; sourceTree = "<group>"; };
		97A7908D2C96AA6D00C5E3F8 /* CDArticle+CoreDataProperties.swift */ = {isa = PBXFileReference; lastKnownFileType = sourcecode.swift; path = "CDArticle+CoreDataProperties.swift"; sourceTree = "<group>"; };
		97A790902C96AAB400C5E3F8 /* CoreDataStack.swift */ = {isa = PBXFileReference; lastKnownFileType = sourcecode.swift; path = CoreDataStack.swift; sourceTree = "<group>"; };
		97A790932C96B1B700C5E3F8 /* NewsArticleListItemViewModel.swift */ = {isa = PBXFileReference; lastKnownFileType = sourcecode.swift; path = NewsArticleListItemViewModel.swift; sourceTree = "<group>"; };
		97A790962C96B4A700C5E3F8 /* BookmarkViewModel.swift */ = {isa = PBXFileReference; lastKnownFileType = sourcecode.swift; path = BookmarkViewModel.swift; sourceTree = "<group>"; };
		97D25E612C95D41200BE4DC5 /* CacheAsyncImage.swift */ = {isa = PBXFileReference; lastKnownFileType = sourcecode.swift; path = CacheAsyncImage.swift; sourceTree = "<group>"; };
		97D25E632C95D48800BE4DC5 /* CacheAsyncImageTests.swift */ = {isa = PBXFileReference; lastKnownFileType = sourcecode.swift; path = CacheAsyncImageTests.swift; sourceTree = "<group>"; };
		97D25E652C95D51C00BE4DC5 /* NewsArticleListItemView.swift */ = {isa = PBXFileReference; lastKnownFileType = sourcecode.swift; path = NewsArticleListItemView.swift; sourceTree = "<group>"; };
		97D25E672C95D71200BE4DC5 /* NewsCacheAsyncImage.swift */ = {isa = PBXFileReference; lastKnownFileType = sourcecode.swift; path = NewsCacheAsyncImage.swift; sourceTree = "<group>"; };
		97D25E692C95DBF600BE4DC5 /* NewsArticleDetailView.swift */ = {isa = PBXFileReference; lastKnownFileType = sourcecode.swift; path = NewsArticleDetailView.swift; sourceTree = "<group>"; };
		97D25E6C2C95DC5900BE4DC5 /* NewsViewModel.swift */ = {isa = PBXFileReference; lastKnownFileType = sourcecode.swift; path = NewsViewModel.swift; sourceTree = "<group>"; };
/* End PBXFileReference section */

/* Begin PBXFrameworksBuildPhase section */
		979244EA2C9549E700606160 /* Frameworks */ = {
			isa = PBXFrameworksBuildPhase;
			buildActionMask = 2147483647;
			files = (
			);
			runOnlyForDeploymentPostprocessing = 0;
		};
		979244FA2C9549E900606160 /* Frameworks */ = {
			isa = PBXFrameworksBuildPhase;
			buildActionMask = 2147483647;
			files = (
			);
			runOnlyForDeploymentPostprocessing = 0;
		};
		979245042C9549E900606160 /* Frameworks */ = {
			isa = PBXFrameworksBuildPhase;
			buildActionMask = 2147483647;
			files = (
			);
			runOnlyForDeploymentPostprocessing = 0;
		};
/* End PBXFrameworksBuildPhase section */

/* Begin PBXGroup section */
		979244E42C9549E700606160 = {
			isa = PBXGroup;
			children = (
				979244EF2C9549E700606160 /* NewsReader */,
				979245002C9549E900606160 /* NewsReaderTests */,
				9792450A2C9549E900606160 /* NewsReaderUITests */,
				979244EE2C9549E700606160 /* Products */,
			);
			sourceTree = "<group>";
		};
		979244EE2C9549E700606160 /* Products */ = {
			isa = PBXGroup;
			children = (
				979244ED2C9549E700606160 /* NewsReader.app */,
				979244FD2C9549E900606160 /* NewsReaderTests.xctest */,
				979245072C9549E900606160 /* NewsReaderUITests.xctest */,
			);
			name = Products;
			sourceTree = "<group>";
		};
		979244EF2C9549E700606160 /* NewsReader */ = {
			isa = PBXGroup;
			children = (
				97A790872C96A92400C5E3F8 /* Provider */,
				97D25E602C95D40200BE4DC5 /* Utility */,
				9792451F2C95547A00606160 /* Services */,
				9792451A2C95528C00606160 /* Views */,
				979244F02C9549E700606160 /* NewsReaderApp.swift */,
				979244F42C9549E800606160 /* Assets.xcassets */,
				979244F62C9549E800606160 /* Preview Content */,
			);
			path = NewsReader;
			sourceTree = "<group>";
		};
		979244F62C9549E800606160 /* Preview Content */ = {
			isa = PBXGroup;
			children = (
				979244F72C9549E800606160 /* Preview Assets.xcassets */,
			);
			path = "Preview Content";
			sourceTree = "<group>";
		};
		979245002C9549E900606160 /* NewsReaderTests */ = {
			isa = PBXGroup;
			children = (
				979245012C9549E900606160 /* NewsReaderTests.swift */,
				9792452C2C95712D00606160 /* EndPointTests.swift */,
				9792452E2C95759D00606160 /* APIServiceTests.swift */,
				979245302C9575CD00606160 /* JSONFileLoader.swift */,
				979245322C95764A00606160 /* NewsResponse.json */,
				979245342C95775200606160 /* NewsFailureResponse.json */,
				979245362C95780C00606160 /* ArticleResponseTests.swift */,
				97D25E632C95D48800BE4DC5 /* CacheAsyncImageTests.swift */,
			);
			path = NewsReaderTests;
			sourceTree = "<group>";
		};
		9792450A2C9549E900606160 /* NewsReaderUITests */ = {
			isa = PBXGroup;
			children = (
				9792450B2C9549E900606160 /* NewsReaderUITests.swift */,
				9792450D2C9549E900606160 /* NewsReaderUITestsLaunchTests.swift */,
			);
			path = NewsReaderUITests;
			sourceTree = "<group>";
		};
		9792451A2C95528C00606160 /* Views */ = {
			isa = PBXGroup;
			children = (
				97A790922C96B1A800C5E3F8 /* NewsArticleListItemView */,
				979244F22C9549E700606160 /* ContentView.swift */,
				97D25E6B2C95DC4300BE4DC5 /* NewsView */,
				97A790952C96B49A00C5E3F8 /* BookmarkView */,
				97D25E672C95D71200BE4DC5 /* NewsCacheAsyncImage.swift */,
				97D25E692C95DBF600BE4DC5 /* NewsArticleDetailView.swift */,
			);
			path = Views;
			sourceTree = "<group>";
		};
		9792451F2C95547A00606160 /* Services */ = {
			isa = PBXGroup;
			children = (
				979245222C95566500606160 /* Models */,
				979245202C9554CB00606160 /* APIService.swift */,
				979245232C9556C000606160 /* EndPoint.swift */,
			);
			path = Services;
			sourceTree = "<group>";
		};
		979245222C95566500606160 /* Models */ = {
			isa = PBXGroup;
			children = (
				979245262C9560A200606160 /* Article.swift */,
				979245282C95616600606160 /* Response.swift */,
				97A790852C9695B400C5E3F8 /* CategoryModel.swift */,
			);
			path = Models;
			sourceTree = "<group>";
		};
		97A790872C96A92400C5E3F8 /* Provider */ = {
			isa = PBXGroup;
			children = (
				97A7908B2C96AA4100C5E3F8 /* CoreDataModels */,
				97A790882C96A94B00C5E3F8 /* NewsReader.xcdatamodeld */,
				97A790902C96AAB400C5E3F8 /* CoreDataStack.swift */,
			);
			path = Provider;
			sourceTree = "<group>";
		};
		97A7908B2C96AA4100C5E3F8 /* CoreDataModels */ = {
			isa = PBXGroup;
			children = (
				97A7908C2C96AA6D00C5E3F8 /* CDArticle+CoreDataClass.swift */,
				97A7908D2C96AA6D00C5E3F8 /* CDArticle+CoreDataProperties.swift */,
			);
			path = CoreDataModels;
			sourceTree = "<group>";
		};
		97A790922C96B1A800C5E3F8 /* NewsArticleListItemView */ = {
			isa = PBXGroup;
			children = (
				97D25E652C95D51C00BE4DC5 /* NewsArticleListItemView.swift */,
				97A790932C96B1B700C5E3F8 /* NewsArticleListItemViewModel.swift */,
			);
			path = NewsArticleListItemView;
			sourceTree = "<group>";
		};
		97A790952C96B49A00C5E3F8 /* BookmarkView */ = {
			isa = PBXGroup;
			children = (
				9792451D2C9552BB00606160 /* BookmarkView.swift */,
				97A790962C96B4A700C5E3F8 /* BookmarkViewModel.swift */,
			);
			path = BookmarkView;
			sourceTree = "<group>";
		};
		97D25E602C95D40200BE4DC5 /* Utility */ = {
			isa = PBXGroup;
			children = (
				97D25E612C95D41200BE4DC5 /* CacheAsyncImage.swift */,
			);
			path = Utility;
			sourceTree = "<group>";
		};
		97D25E6B2C95DC4300BE4DC5 /* NewsView */ = {
			isa = PBXGroup;
			children = (
				9792451B2C9552AE00606160 /* NewsView.swift */,
				97D25E6C2C95DC5900BE4DC5 /* NewsViewModel.swift */,
			);
			path = NewsView;
			sourceTree = "<group>";
		};
/* End PBXGroup section */

/* Begin PBXNativeTarget section */
		979244EC2C9549E700606160 /* NewsReader */ = {
			isa = PBXNativeTarget;
			buildConfigurationList = 979245112C9549E900606160 /* Build configuration list for PBXNativeTarget "NewsReader" */;
			buildPhases = (
				979244E92C9549E700606160 /* Sources */,
				979244EA2C9549E700606160 /* Frameworks */,
				979244EB2C9549E700606160 /* Resources */,
			);
			buildRules = (
			);
			dependencies = (
			);
			name = NewsReader;
			productName = NewsReader;
			productReference = 979244ED2C9549E700606160 /* NewsReader.app */;
			productType = "com.apple.product-type.application";
		};
		979244FC2C9549E900606160 /* NewsReaderTests */ = {
			isa = PBXNativeTarget;
			buildConfigurationList = 979245142C9549E900606160 /* Build configuration list for PBXNativeTarget "NewsReaderTests" */;
			buildPhases = (
				979244F92C9549E900606160 /* Sources */,
				979244FA2C9549E900606160 /* Frameworks */,
				979244FB2C9549E900606160 /* Resources */,
			);
			buildRules = (
			);
			dependencies = (
				979244FF2C9549E900606160 /* PBXTargetDependency */,
			);
			name = NewsReaderTests;
			productName = NewsReaderTests;
			productReference = 979244FD2C9549E900606160 /* NewsReaderTests.xctest */;
			productType = "com.apple.product-type.bundle.unit-test";
		};
		979245062C9549E900606160 /* NewsReaderUITests */ = {
			isa = PBXNativeTarget;
			buildConfigurationList = 979245172C9549E900606160 /* Build configuration list for PBXNativeTarget "NewsReaderUITests" */;
			buildPhases = (
				979245032C9549E900606160 /* Sources */,
				979245042C9549E900606160 /* Frameworks */,
				979245052C9549E900606160 /* Resources */,
			);
			buildRules = (
			);
			dependencies = (
				979245092C9549E900606160 /* PBXTargetDependency */,
			);
			name = NewsReaderUITests;
			productName = NewsReaderUITests;
			productReference = 979245072C9549E900606160 /* NewsReaderUITests.xctest */;
			productType = "com.apple.product-type.bundle.ui-testing";
		};
/* End PBXNativeTarget section */

/* Begin PBXProject section */
		979244E52C9549E700606160 /* Project object */ = {
			isa = PBXProject;
			attributes = {
				BuildIndependentTargetsInParallel = 1;
				LastSwiftUpdateCheck = 1500;
				LastUpgradeCheck = 1500;
				TargetAttributes = {
					979244EC2C9549E700606160 = {
						CreatedOnToolsVersion = 15.0.1;
					};
					979244FC2C9549E900606160 = {
						CreatedOnToolsVersion = 15.0.1;
						TestTargetID = 979244EC2C9549E700606160;
					};
					979245062C9549E900606160 = {
						CreatedOnToolsVersion = 15.0.1;
						TestTargetID = 979244EC2C9549E700606160;
					};
				};
			};
			buildConfigurationList = 979244E82C9549E700606160 /* Build configuration list for PBXProject "NewsReader" */;
			compatibilityVersion = "Xcode 14.0";
			developmentRegion = en;
			hasScannedForEncodings = 0;
			knownRegions = (
				en,
				Base,
			);
			mainGroup = 979244E42C9549E700606160;
			productRefGroup = 979244EE2C9549E700606160 /* Products */;
			projectDirPath = "";
			projectRoot = "";
			targets = (
				979244EC2C9549E700606160 /* NewsReader */,
				979244FC2C9549E900606160 /* NewsReaderTests */,
				979245062C9549E900606160 /* NewsReaderUITests */,
			);
		};
/* End PBXProject section */

/* Begin PBXResourcesBuildPhase section */
		979244EB2C9549E700606160 /* Resources */ = {
			isa = PBXResourcesBuildPhase;
			buildActionMask = 2147483647;
			files = (
				979244F82C9549E800606160 /* Preview Assets.xcassets in Resources */,
				979244F52C9549E800606160 /* Assets.xcassets in Resources */,
			);
			runOnlyForDeploymentPostprocessing = 0;
		};
		979244FB2C9549E900606160 /* Resources */ = {
			isa = PBXResourcesBuildPhase;
			buildActionMask = 2147483647;
			files = (
				979245352C95775200606160 /* NewsFailureResponse.json in Resources */,
				979245332C95764A00606160 /* NewsResponse.json in Resources */,
			);
			runOnlyForDeploymentPostprocessing = 0;
		};
		979245052C9549E900606160 /* Resources */ = {
			isa = PBXResourcesBuildPhase;
			buildActionMask = 2147483647;
			files = (
			);
			runOnlyForDeploymentPostprocessing = 0;
		};
/* End PBXResourcesBuildPhase section */

/* Begin PBXSourcesBuildPhase section */
		979244E92C9549E700606160 /* Sources */ = {
			isa = PBXSourcesBuildPhase;
			buildActionMask = 2147483647;
			files = (
				97A7908A2C96A94B00C5E3F8 /* NewsReader.xcdatamodeld in Sources */,
				97D25E6A2C95DBF600BE4DC5 /* NewsArticleDetailView.swift in Sources */,
				979245292C95616600606160 /* Response.swift in Sources */,
				97A790912C96AAB400C5E3F8 /* CoreDataStack.swift in Sources */,
				979245272C9560A200606160 /* Article.swift in Sources */,
				979245242C9556C000606160 /* EndPoint.swift in Sources */,
				97A790942C96B1B700C5E3F8 /* NewsArticleListItemViewModel.swift in Sources */,
				97A7908F2C96AA6D00C5E3F8 /* CDArticle+CoreDataProperties.swift in Sources */,
				9792451C2C9552AE00606160 /* NewsView.swift in Sources */,
				97D25E682C95D71200BE4DC5 /* NewsCacheAsyncImage.swift in Sources */,
				97A7908E2C96AA6D00C5E3F8 /* CDArticle+CoreDataClass.swift in Sources */,
				979245212C9554CB00606160 /* APIService.swift in Sources */,
				979244F32C9549E700606160 /* ContentView.swift in Sources */,
				9792451E2C9552BB00606160 /* BookmarkView.swift in Sources */,
				97D25E662C95D51C00BE4DC5 /* NewsArticleListItemView.swift in Sources */,
				97D25E6D2C95DC5900BE4DC5 /* NewsViewModel.swift in Sources */,
				97A790972C96B4A700C5E3F8 /* BookmarkViewModel.swift in Sources */,
				97A790862C9695B400C5E3F8 /* CategoryModel.swift in Sources */,
				979244F12C9549E700606160 /* NewsReaderApp.swift in Sources */,
				97D25E622C95D41200BE4DC5 /* CacheAsyncImage.swift in Sources */,
			);
			runOnlyForDeploymentPostprocessing = 0;
		};
		979244F92C9549E900606160 /* Sources */ = {
			isa = PBXSourcesBuildPhase;
			buildActionMask = 2147483647;
			files = (
				979245372C95780C00606160 /* ArticleResponseTests.swift in Sources */,
				979245312C9575CD00606160 /* JSONFileLoader.swift in Sources */,
				9792452F2C95759D00606160 /* APIServiceTests.swift in Sources */,
				97D25E642C95D48800BE4DC5 /* CacheAsyncImageTests.swift in Sources */,
				9792452D2C95712D00606160 /* EndPointTests.swift in Sources */,
				979245022C9549E900606160 /* NewsReaderTests.swift in Sources */,
			);
			runOnlyForDeploymentPostprocessing = 0;
		};
		979245032C9549E900606160 /* Sources */ = {
			isa = PBXSourcesBuildPhase;
			buildActionMask = 2147483647;
			files = (
				9792450E2C9549E900606160 /* NewsReaderUITestsLaunchTests.swift in Sources */,
				9792450C2C9549E900606160 /* NewsReaderUITests.swift in Sources */,
			);
			runOnlyForDeploymentPostprocessing = 0;
		};
/* End PBXSourcesBuildPhase section */

/* Begin PBXTargetDependency section */
		979244FF2C9549E900606160 /* PBXTargetDependency */ = {
			isa = PBXTargetDependency;
			target = 979244EC2C9549E700606160 /* NewsReader */;
			targetProxy = 979244FE2C9549E900606160 /* PBXContainerItemProxy */;
		};
		979245092C9549E900606160 /* PBXTargetDependency */ = {
			isa = PBXTargetDependency;
			target = 979244EC2C9549E700606160 /* NewsReader */;
			targetProxy = 979245082C9549E900606160 /* PBXContainerItemProxy */;
		};
/* End PBXTargetDependency section */

/* Begin XCBuildConfiguration section */
		9792450F2C9549E900606160 /* Debug */ = {
			isa = XCBuildConfiguration;
			buildSettings = {
				ALWAYS_SEARCH_USER_PATHS = NO;
				ASSETCATALOG_COMPILER_GENERATE_SWIFT_ASSET_SYMBOL_EXTENSIONS = YES;
				CLANG_ANALYZER_NONNULL = YES;
				CLANG_ANALYZER_NUMBER_OBJECT_CONVERSION = YES_AGGRESSIVE;
				CLANG_CXX_LANGUAGE_STANDARD = "gnu++20";
				CLANG_ENABLE_MODULES = YES;
				CLANG_ENABLE_OBJC_ARC = YES;
				CLANG_ENABLE_OBJC_WEAK = YES;
				CLANG_WARN_BLOCK_CAPTURE_AUTORELEASING = YES;
				CLANG_WARN_BOOL_CONVERSION = YES;
				CLANG_WARN_COMMA = YES;
				CLANG_WARN_CONSTANT_CONVERSION = YES;
				CLANG_WARN_DEPRECATED_OBJC_IMPLEMENTATIONS = YES;
				CLANG_WARN_DIRECT_OBJC_ISA_USAGE = YES_ERROR;
				CLANG_WARN_DOCUMENTATION_COMMENTS = YES;
				CLANG_WARN_EMPTY_BODY = YES;
				CLANG_WARN_ENUM_CONVERSION = YES;
				CLANG_WARN_INFINITE_RECURSION = YES;
				CLANG_WARN_INT_CONVERSION = YES;
				CLANG_WARN_NON_LITERAL_NULL_CONVERSION = YES;
				CLANG_WARN_OBJC_IMPLICIT_RETAIN_SELF = YES;
				CLANG_WARN_OBJC_LITERAL_CONVERSION = YES;
				CLANG_WARN_OBJC_ROOT_CLASS = YES_ERROR;
				CLANG_WARN_QUOTED_INCLUDE_IN_FRAMEWORK_HEADER = YES;
				CLANG_WARN_RANGE_LOOP_ANALYSIS = YES;
				CLANG_WARN_STRICT_PROTOTYPES = YES;
				CLANG_WARN_SUSPICIOUS_MOVE = YES;
				CLANG_WARN_UNGUARDED_AVAILABILITY = YES_AGGRESSIVE;
				CLANG_WARN_UNREACHABLE_CODE = YES;
				CLANG_WARN__DUPLICATE_METHOD_MATCH = YES;
				COPY_PHASE_STRIP = NO;
				DEBUG_INFORMATION_FORMAT = dwarf;
				ENABLE_STRICT_OBJC_MSGSEND = YES;
				ENABLE_TESTABILITY = YES;
				ENABLE_USER_SCRIPT_SANDBOXING = YES;
				GCC_C_LANGUAGE_STANDARD = gnu17;
				GCC_DYNAMIC_NO_PIC = NO;
				GCC_NO_COMMON_BLOCKS = YES;
				GCC_OPTIMIZATION_LEVEL = 0;
				GCC_PREPROCESSOR_DEFINITIONS = (
					"DEBUG=1",
					"$(inherited)",
				);
				GCC_WARN_64_TO_32_BIT_CONVERSION = YES;
				GCC_WARN_ABOUT_RETURN_TYPE = YES_ERROR;
				GCC_WARN_UNDECLARED_SELECTOR = YES;
				GCC_WARN_UNINITIALIZED_AUTOS = YES_AGGRESSIVE;
				GCC_WARN_UNUSED_FUNCTION = YES;
				GCC_WARN_UNUSED_VARIABLE = YES;
				IPHONEOS_DEPLOYMENT_TARGET = 17.0;
				LOCALIZATION_PREFERS_STRING_CATALOGS = YES;
				MTL_ENABLE_DEBUG_INFO = INCLUDE_SOURCE;
				MTL_FAST_MATH = YES;
				ONLY_ACTIVE_ARCH = YES;
				SDKROOT = iphoneos;
				SWIFT_ACTIVE_COMPILATION_CONDITIONS = "DEBUG $(inherited)";
				SWIFT_OPTIMIZATION_LEVEL = "-Onone";
			};
			name = Debug;
		};
		979245102C9549E900606160 /* Release */ = {
			isa = XCBuildConfiguration;
			buildSettings = {
				ALWAYS_SEARCH_USER_PATHS = NO;
				ASSETCATALOG_COMPILER_GENERATE_SWIFT_ASSET_SYMBOL_EXTENSIONS = YES;
				CLANG_ANALYZER_NONNULL = YES;
				CLANG_ANALYZER_NUMBER_OBJECT_CONVERSION = YES_AGGRESSIVE;
				CLANG_CXX_LANGUAGE_STANDARD = "gnu++20";
				CLANG_ENABLE_MODULES = YES;
				CLANG_ENABLE_OBJC_ARC = YES;
				CLANG_ENABLE_OBJC_WEAK = YES;
				CLANG_WARN_BLOCK_CAPTURE_AUTORELEASING = YES;
				CLANG_WARN_BOOL_CONVERSION = YES;
				CLANG_WARN_COMMA = YES;
				CLANG_WARN_CONSTANT_CONVERSION = YES;
				CLANG_WARN_DEPRECATED_OBJC_IMPLEMENTATIONS = YES;
				CLANG_WARN_DIRECT_OBJC_ISA_USAGE = YES_ERROR;
				CLANG_WARN_DOCUMENTATION_COMMENTS = YES;
				CLANG_WARN_EMPTY_BODY = YES;
				CLANG_WARN_ENUM_CONVERSION = YES;
				CLANG_WARN_INFINITE_RECURSION = YES;
				CLANG_WARN_INT_CONVERSION = YES;
				CLANG_WARN_NON_LITERAL_NULL_CONVERSION = YES;
				CLANG_WARN_OBJC_IMPLICIT_RETAIN_SELF = YES;
				CLANG_WARN_OBJC_LITERAL_CONVERSION = YES;
				CLANG_WARN_OBJC_ROOT_CLASS = YES_ERROR;
				CLANG_WARN_QUOTED_INCLUDE_IN_FRAMEWORK_HEADER = YES;
				CLANG_WARN_RANGE_LOOP_ANALYSIS = YES;
				CLANG_WARN_STRICT_PROTOTYPES = YES;
				CLANG_WARN_SUSPICIOUS_MOVE = YES;
				CLANG_WARN_UNGUARDED_AVAILABILITY = YES_AGGRESSIVE;
				CLANG_WARN_UNREACHABLE_CODE = YES;
				CLANG_WARN__DUPLICATE_METHOD_MATCH = YES;
				COPY_PHASE_STRIP = NO;
				DEBUG_INFORMATION_FORMAT = "dwarf-with-dsym";
				ENABLE_NS_ASSERTIONS = NO;
				ENABLE_STRICT_OBJC_MSGSEND = YES;
				ENABLE_USER_SCRIPT_SANDBOXING = YES;
				GCC_C_LANGUAGE_STANDARD = gnu17;
				GCC_NO_COMMON_BLOCKS = YES;
				GCC_WARN_64_TO_32_BIT_CONVERSION = YES;
				GCC_WARN_ABOUT_RETURN_TYPE = YES_ERROR;
				GCC_WARN_UNDECLARED_SELECTOR = YES;
				GCC_WARN_UNINITIALIZED_AUTOS = YES_AGGRESSIVE;
				GCC_WARN_UNUSED_FUNCTION = YES;
				GCC_WARN_UNUSED_VARIABLE = YES;
				IPHONEOS_DEPLOYMENT_TARGET = 17.0;
				LOCALIZATION_PREFERS_STRING_CATALOGS = YES;
				MTL_ENABLE_DEBUG_INFO = NO;
				MTL_FAST_MATH = YES;
				SDKROOT = iphoneos;
				SWIFT_COMPILATION_MODE = wholemodule;
				VALIDATE_PRODUCT = YES;
			};
			name = Release;
		};
		979245122C9549E900606160 /* Debug */ = {
			isa = XCBuildConfiguration;
			buildSettings = {
				ASSETCATALOG_COMPILER_APPICON_NAME = AppIcon;
				ASSETCATALOG_COMPILER_GLOBAL_ACCENT_COLOR_NAME = AccentColor;
				CODE_SIGN_STYLE = Automatic;
				CURRENT_PROJECT_VERSION = 1;
				DEVELOPMENT_ASSET_PATHS = "\"NewsReader/Preview Content\"";
				DEVELOPMENT_TEAM = LNJDPV4G28;
				ENABLE_PREVIEWS = YES;
				GENERATE_INFOPLIST_FILE = YES;
				INFOPLIST_KEY_UIApplicationSceneManifest_Generation = YES;
				INFOPLIST_KEY_UIApplicationSupportsIndirectInputEvents = YES;
				INFOPLIST_KEY_UILaunchScreen_Generation = YES;
				INFOPLIST_KEY_UISupportedInterfaceOrientations_iPad = "UIInterfaceOrientationPortrait UIInterfaceOrientationPortraitUpsideDown UIInterfaceOrientationLandscapeLeft UIInterfaceOrientationLandscapeRight";
				INFOPLIST_KEY_UISupportedInterfaceOrientations_iPhone = "UIInterfaceOrientationPortrait UIInterfaceOrientationLandscapeLeft UIInterfaceOrientationLandscapeRight";
				LD_RUNPATH_SEARCH_PATHS = (
					"$(inherited)",
					"@executable_path/Frameworks",
				);
				MARKETING_VERSION = 1.0;
				PRODUCT_BUNDLE_IDENTIFIER = com.yourcompany.NewsReader.NewsReader;
				PRODUCT_NAME = "$(TARGET_NAME)";
				SWIFT_EMIT_LOC_STRINGS = YES;
				SWIFT_VERSION = 5.0;
				TARGETED_DEVICE_FAMILY = "1,2";
			};
			name = Debug;
		};
		979245132C9549E900606160 /* Release */ = {
			isa = XCBuildConfiguration;
			buildSettings = {
				ASSETCATALOG_COMPILER_APPICON_NAME = AppIcon;
				ASSETCATALOG_COMPILER_GLOBAL_ACCENT_COLOR_NAME = AccentColor;
				CODE_SIGN_STYLE = Automatic;
				CURRENT_PROJECT_VERSION = 1;
				DEVELOPMENT_ASSET_PATHS = "\"NewsReader/Preview Content\"";
				DEVELOPMENT_TEAM = LNJDPV4G28;
				ENABLE_PREVIEWS = YES;
				GENERATE_INFOPLIST_FILE = YES;
				INFOPLIST_KEY_UIApplicationSceneManifest_Generation = YES;
				INFOPLIST_KEY_UIApplicationSupportsIndirectInputEvents = YES;
				INFOPLIST_KEY_UILaunchScreen_Generation = YES;
				INFOPLIST_KEY_UISupportedInterfaceOrientations_iPad = "UIInterfaceOrientationPortrait UIInterfaceOrientationPortraitUpsideDown UIInterfaceOrientationLandscapeLeft UIInterfaceOrientationLandscapeRight";
				INFOPLIST_KEY_UISupportedInterfaceOrientations_iPhone = "UIInterfaceOrientationPortrait UIInterfaceOrientationLandscapeLeft UIInterfaceOrientationLandscapeRight";
				LD_RUNPATH_SEARCH_PATHS = (
					"$(inherited)",
					"@executable_path/Frameworks",
				);
				MARKETING_VERSION = 1.0;
				PRODUCT_BUNDLE_IDENTIFIER = com.yourcompany.NewsReader.NewsReader;
				PRODUCT_NAME = "$(TARGET_NAME)";
				SWIFT_EMIT_LOC_STRINGS = YES;
				SWIFT_VERSION = 5.0;
				TARGETED_DEVICE_FAMILY = "1,2";
			};
			name = Release;
		};
		979245152C9549E900606160 /* Debug */ = {
			isa = XCBuildConfiguration;
			buildSettings = {
				ALWAYS_EMBED_SWIFT_STANDARD_LIBRARIES = YES;
				BUNDLE_LOADER = "$(TEST_HOST)";
				CODE_SIGN_STYLE = Automatic;
				CURRENT_PROJECT_VERSION = 1;
				DEVELOPMENT_TEAM = LNJDPV4G28;
				GENERATE_INFOPLIST_FILE = YES;
				IPHONEOS_DEPLOYMENT_TARGET = 17.0;
				MARKETING_VERSION = 1.0;
				PRODUCT_BUNDLE_IDENTIFIER = com.yourcompany.NewsReader.NewsReaderTests;
				PRODUCT_NAME = "$(TARGET_NAME)";
				SWIFT_EMIT_LOC_STRINGS = NO;
				SWIFT_VERSION = 5.0;
				TARGETED_DEVICE_FAMILY = "1,2";
				TEST_HOST = "$(BUILT_PRODUCTS_DIR)/NewsReader.app/$(BUNDLE_EXECUTABLE_FOLDER_PATH)/NewsReader";
			};
			name = Debug;
		};
		979245162C9549E900606160 /* Release */ = {
			isa = XCBuildConfiguration;
			buildSettings = {
				ALWAYS_EMBED_SWIFT_STANDARD_LIBRARIES = YES;
				BUNDLE_LOADER = "$(TEST_HOST)";
				CODE_SIGN_STYLE = Automatic;
				CURRENT_PROJECT_VERSION = 1;
				DEVELOPMENT_TEAM = LNJDPV4G28;
				GENERATE_INFOPLIST_FILE = YES;
				IPHONEOS_DEPLOYMENT_TARGET = 17.0;
				MARKETING_VERSION = 1.0;
				PRODUCT_BUNDLE_IDENTIFIER = com.yourcompany.NewsReader.NewsReaderTests;
				PRODUCT_NAME = "$(TARGET_NAME)";
				SWIFT_EMIT_LOC_STRINGS = NO;
				SWIFT_VERSION = 5.0;
				TARGETED_DEVICE_FAMILY = "1,2";
				TEST_HOST = "$(BUILT_PRODUCTS_DIR)/NewsReader.app/$(BUNDLE_EXECUTABLE_FOLDER_PATH)/NewsReader";
			};
			name = Release;
		};
		979245182C9549E900606160 /* Debug */ = {
			isa = XCBuildConfiguration;
			buildSettings = {
				ALWAYS_EMBED_SWIFT_STANDARD_LIBRARIES = YES;
				CODE_SIGN_STYLE = Automatic;
				CURRENT_PROJECT_VERSION = 1;
				DEVELOPMENT_TEAM = LNJDPV4G28;
				GENERATE_INFOPLIST_FILE = YES;
				MARKETING_VERSION = 1.0;
				PRODUCT_BUNDLE_IDENTIFIER = com.yourcompany.NewsReader.NewsReaderUITests;
				PRODUCT_NAME = "$(TARGET_NAME)";
				SWIFT_EMIT_LOC_STRINGS = NO;
				SWIFT_VERSION = 5.0;
				TARGETED_DEVICE_FAMILY = "1,2";
				TEST_TARGET_NAME = NewsReader;
			};
			name = Debug;
		};
		979245192C9549E900606160 /* Release */ = {
			isa = XCBuildConfiguration;
			buildSettings = {
				ALWAYS_EMBED_SWIFT_STANDARD_LIBRARIES = YES;
				CODE_SIGN_STYLE = Automatic;
				CURRENT_PROJECT_VERSION = 1;
				DEVELOPMENT_TEAM = LNJDPV4G28;
				GENERATE_INFOPLIST_FILE = YES;
				MARKETING_VERSION = 1.0;
				PRODUCT_BUNDLE_IDENTIFIER = com.yourcompany.NewsReader.NewsReaderUITests;
				PRODUCT_NAME = "$(TARGET_NAME)";
				SWIFT_EMIT_LOC_STRINGS = NO;
				SWIFT_VERSION = 5.0;
				TARGETED_DEVICE_FAMILY = "1,2";
				TEST_TARGET_NAME = NewsReader;
			};
			name = Release;
		};
/* End XCBuildConfiguration section */

/* Begin XCConfigurationList section */
		979244E82C9549E700606160 /* Build configuration list for PBXProject "NewsReader" */ = {
			isa = XCConfigurationList;
			buildConfigurations = (
				9792450F2C9549E900606160 /* Debug */,
				979245102C9549E900606160 /* Release */,
			);
			defaultConfigurationIsVisible = 0;
			defaultConfigurationName = Release;
		};
		979245112C9549E900606160 /* Build configuration list for PBXNativeTarget "NewsReader" */ = {
			isa = XCConfigurationList;
			buildConfigurations = (
				979245122C9549E900606160 /* Debug */,
				979245132C9549E900606160 /* Release */,
			);
			defaultConfigurationIsVisible = 0;
			defaultConfigurationName = Release;
		};
		979245142C9549E900606160 /* Build configuration list for PBXNativeTarget "NewsReaderTests" */ = {
			isa = XCConfigurationList;
			buildConfigurations = (
				979245152C9549E900606160 /* Debug */,
				979245162C9549E900606160 /* Release */,
			);
			defaultConfigurationIsVisible = 0;
			defaultConfigurationName = Release;
		};
		979245172C9549E900606160 /* Build configuration list for PBXNativeTarget "NewsReaderUITests" */ = {
			isa = XCConfigurationList;
			buildConfigurations = (
				979245182C9549E900606160 /* Debug */,
				979245192C9549E900606160 /* Release */,
			);
			defaultConfigurationIsVisible = 0;
			defaultConfigurationName = Release;
		};
/* End XCConfigurationList section */

/* Begin XCVersionGroup section */
		97A790882C96A94B00C5E3F8 /* NewsReader.xcdatamodeld */ = {
			isa = XCVersionGroup;
			children = (
				97A790892C96A94B00C5E3F8 /* NewsReader.xcdatamodel */,
			);
			currentVersion = 97A790892C96A94B00C5E3F8 /* NewsReader.xcdatamodel */;
			path = NewsReader.xcdatamodeld;
			sourceTree = "<group>";
			versionGroupType = wrapper.xcdatamodel;
		};
/* End XCVersionGroup section */
	};
	rootObject = 979244E52C9549E700606160 /* Project object */;
}
